
Microsoft Visual Studio Solution File, Format Version 12.00
# Visual Studio Version 16
VisualStudioVersion = 16.0.31829.152
MinimumVisualStudioVersion = 10.0.40219.1
Project("{FAE04EC0-301F-11D3-BF4B-00C04F79EFBC}") = "QuanLyTrungTamNgoaiNgu", "QuanLyTrungTamNgoaiNgu.csproj", "{CEA817CD-E470-4936-8B66-163BB41EEF64}"
EndProject
Project("{FAE04EC0-301F-11D3-BF4B-00C04F79EFBC}") = "DAL", "..\DAL\DAL.csproj", "{B7A1679F-ED42-4649-ACAD-662B1B6310FA}"
EndProject
Project("{FAE04EC0-301F-11D3-BF4B-00C04F79EFBC}") = "BUS", "..\BUS\BUS.csproj", "{6FEAB5FC-D778-48CE-B2B5-122A2F628CFF}"
EndProject
Global
	GlobalSection(SolutionConfigurationPlatforms) = preSolution
		Debug|Any CPU = Debug|Any CPU
		Release|Any CPU = Release|Any CPU
	EndGlobalSection
	GlobalSection(ProjectConfigurationPlatforms) = postSolution
		{CEA817CD-E470-4936-8B66-163BB41EEF64}.Debug|Any CPU.ActiveCfg = Debug|Any CPU
		{CEA817CD-E470-4936-8B66-163BB41EEF64}.Debug|Any CPU.Build.0 = Debug|Any CPU
		{CEA817CD-E470-4936-8B66-163BB41EEF64}.Release|Any CPU.ActiveCfg = Release|Any CPU
		{CEA817CD-E470-4936-8B66-163BB41EEF64}.Release|Any CPU.Build.0 = Release|Any CPU
		{B7A1679F-ED42-4649-ACAD-662B1B6310FA}.Debug|Any CPU.ActiveCfg = Debug|Any CPU
		{B7A1679F-ED42-4649-ACAD-662B1B6310FA}.Debug|Any CPU.Build.0 = Debug|Any CPU
		{B7A1679F-ED42-4649-ACAD-662B1B6310FA}.Release|Any CPU.ActiveCfg = Release|Any CPU
		{B7A1679F-ED42-4649-ACAD-662B1B6310FA}.Release|Any CPU.Build.0 = Release|Any CPU
		{6FEAB5FC-D778-48CE-B2B5-122A2F628CFF}.Debug|Any CPU.ActiveCfg = Debug|Any CPU
		{6FEAB5FC-D778-48CE-B2B5-122A2F628CFF}.Debug|Any CPU.Build.0 = Debug|Any CPU
		{6FEAB5FC-D778-48CE-B2B5-122A2F628CFF}.Release|Any CPU.ActiveCfg = Release|Any CPU
		{6FEAB5FC-D778-48CE-B2B5-122A2F628CFF}.Release|Any CPU.Build.0 = Release|Any CPU
	EndGlobalSection
	GlobalSection(SolutionProperties) = preSolution
		HideSolutionNode = FALSE
	EndGlobalSection
	GlobalSection(ExtensibilityGlobals) = postSolution
		SolutionGuid = {70FE46EF-DDD6-42D9-BAA3-1466A87EB05C}
	EndGlobalSection
EndGlobal
